// !$*UTF8*$!
{
	archiveVersion = 1;
	classes = {
	};
	objectVersion = 56;
	objects = {

/* Begin PBXBuildFile section */
		7F68230B2BF3939900CA4AC8 /* AppDelegate.swift in Sources */ = {isa = PBXBuildFile; fileRef = 7F68230A2BF3939900CA4AC8 /* AppDelegate.swift */; };
		7F68230D2BF3939900CA4AC8 /* SceneDelegate.swift in Sources */ = {isa = PBXBuildFile; fileRef = 7F68230C2BF3939900CA4AC8 /* SceneDelegate.swift */; };
		7F6823122BF3939900CA4AC8 /* Main.storyboard in Resources */ = {isa = PBXBuildFile; fileRef = 7F6823102BF3939900CA4AC8 /* Main.storyboard */; };
		7F6823152BF3939900CA4AC8 /* challenge05.xcdatamodeld in Sources */ = {isa = PBXBuildFile; fileRef = 7F6823132BF3939900CA4AC8 /* challenge05.xcdatamodeld */; };
		7F6823172BF3939B00CA4AC8 /* Assets.xcassets in Resources */ = {isa = PBXBuildFile; fileRef = 7F6823162BF3939B00CA4AC8 /* Assets.xcassets */; };
		7F68231A2BF3939B00CA4AC8 /* LaunchScreen.storyboard in Resources */ = {isa = PBXBuildFile; fileRef = 7F6823182BF3939B00CA4AC8 /* LaunchScreen.storyboard */; };
		7F6823252BF3939B00CA4AC8 /* challenge05Tests.swift in Sources */ = {isa = PBXBuildFile; fileRef = 7F6823242BF3939B00CA4AC8 /* challenge05Tests.swift */; };
		7F68232F2BF3939C00CA4AC8 /* challenge05UITests.swift in Sources */ = {isa = PBXBuildFile; fileRef = 7F68232E2BF3939C00CA4AC8 /* challenge05UITests.swift */; };
		7F6823312BF3939C00CA4AC8 /* challenge05UITestsLaunchTests.swift in Sources */ = {isa = PBXBuildFile; fileRef = 7F6823302BF3939C00CA4AC8 /* challenge05UITestsLaunchTests.swift */; };
		7F6823472BF3975200CA4AC8 /* EndPoint.swift in Sources */ = {isa = PBXBuildFile; fileRef = 7F6823462BF3975200CA4AC8 /* EndPoint.swift */; };
		7F6823492BF3978200CA4AC8 /* RequestManager.swift in Sources */ = {isa = PBXBuildFile; fileRef = 7F6823482BF3978200CA4AC8 /* RequestManager.swift */; };
		7F68234B2BF397A000CA4AC8 /* ErrorMessage.swift in Sources */ = {isa = PBXBuildFile; fileRef = 7F68234A2BF397A000CA4AC8 /* ErrorMessage.swift */; };
		7F68234D2BF3989E00CA4AC8 /* MoviesRouter.swift in Sources */ = {isa = PBXBuildFile; fileRef = 7F68234C2BF3989E00CA4AC8 /* MoviesRouter.swift */; };
		7F6823512BF399DE00CA4AC8 /* Movie.swift in Sources */ = {isa = PBXBuildFile; fileRef = 7F6823502BF399DE00CA4AC8 /* Movie.swift */; };
		7F6823532BF399EE00CA4AC8 /* MovieDetails.swift in Sources */ = {isa = PBXBuildFile; fileRef = 7F6823522BF399EE00CA4AC8 /* MovieDetails.swift */; };
		7F6823552BF39A7D00CA4AC8 /* MoviesRepositoryProtocol.swift in Sources */ = {isa = PBXBuildFile; fileRef = 7F6823542BF39A7D00CA4AC8 /* MoviesRepositoryProtocol.swift */; };
		7F6823572BF39AEF00CA4AC8 /* MoviesRepositoryImp.swift in Sources */ = {isa = PBXBuildFile; fileRef = 7F6823562BF39AEF00CA4AC8 /* MoviesRepositoryImp.swift */; };
		7F68235C2BF39DB700CA4AC8 /* GetPlayingMoviesUseCase.swift in Sources */ = {isa = PBXBuildFile; fileRef = 7F68235B2BF39DB700CA4AC8 /* GetPlayingMoviesUseCase.swift */; };
		7F68235E2BF39DF000CA4AC8 /* GetComingMoviesUseCase.swift in Sources */ = {isa = PBXBuildFile; fileRef = 7F68235D2BF39DF000CA4AC8 /* GetComingMoviesUseCase.swift */; };
		7F6823602BF39E3000CA4AC8 /* GetPopulerMoviesUseCase.swift in Sources */ = {isa = PBXBuildFile; fileRef = 7F68235F2BF39E3000CA4AC8 /* GetPopulerMoviesUseCase.swift */; };
		7F6823622BF39E7F00CA4AC8 /* GetMovieDetailsUseCase.swift in Sources */ = {isa = PBXBuildFile; fileRef = 7F6823612BF39E7F00CA4AC8 /* GetMovieDetailsUseCase.swift */; };
		7F6823642BF3AF4200CA4AC8 /* BaseViewController.swift in Sources */ = {isa = PBXBuildFile; fileRef = 7F6823632BF3AF4200CA4AC8 /* BaseViewController.swift */; };
		7F6823692BF3AFC400CA4AC8 /* MovieTableViewCell.swift in Sources */ = {isa = PBXBuildFile; fileRef = 7F6823672BF3AFC400CA4AC8 /* MovieTableViewCell.swift */; };
		7F68236A2BF3AFC400CA4AC8 /* MovieTableViewCell.xib in Resources */ = {isa = PBXBuildFile; fileRef = 7F6823682BF3AFC400CA4AC8 /* MovieTableViewCell.xib */; };
		7F68236E2BF3B07500CA4AC8 /* UITableView+Extension.swift in Sources */ = {isa = PBXBuildFile; fileRef = 7F68236D2BF3B07500CA4AC8 /* UITableView+Extension.swift */; };
		7F6823702BF3B09100CA4AC8 /* UIImageView+Extension.swift in Sources */ = {isa = PBXBuildFile; fileRef = 7F68236F2BF3B09100CA4AC8 /* UIImageView+Extension.swift */; };
		7F6823732BF3B19200CA4AC8 /* PlayingViewController.swift in Sources */ = {isa = PBXBuildFile; fileRef = 7F6823722BF3B19200CA4AC8 /* PlayingViewController.swift */; };
		7F6823762BF3B1A600CA4AC8 /* ComingViewController.swift in Sources */ = {isa = PBXBuildFile; fileRef = 7F6823752BF3B1A600CA4AC8 /* ComingViewController.swift */; };
		7F6823792BF3B1B900CA4AC8 /* PopulerViewController.swift in Sources */ = {isa = PBXBuildFile; fileRef = 7F6823782BF3B1B900CA4AC8 /* PopulerViewController.swift */; };
		7F68237B2BF3B22800CA4AC8 /* PopulerViewModel.swift in Sources */ = {isa = PBXBuildFile; fileRef = 7F68237A2BF3B22800CA4AC8 /* PopulerViewModel.swift */; };
		7F68237E2BF3B73800CA4AC8 /* ZeroStateView.swift in Sources */ = {isa = PBXBuildFile; fileRef = 7F68237D2BF3B73800CA4AC8 /* ZeroStateView.swift */; };
		7F6823802BF3B8AE00CA4AC8 /* ComingViewModel.swift in Sources */ = {isa = PBXBuildFile; fileRef = 7F68237F2BF3B8AE00CA4AC8 /* ComingViewModel.swift */; };
		7F6823822BF3B9E900CA4AC8 /* PlayingViewModel.swift in Sources */ = {isa = PBXBuildFile; fileRef = 7F6823812BF3B9E900CA4AC8 /* PlayingViewModel.swift */; };
/* End PBXBuildFile section */

/* Begin PBXContainerItemProxy section */
		7F6823212BF3939B00CA4AC8 /* PBXContainerItemProxy */ = {
			isa = PBXContainerItemProxy;
			containerPortal = 7F6822FF2BF3939900CA4AC8 /* Project object */;
			proxyType = 1;
			remoteGlobalIDString = 7F6823062BF3939900CA4AC8;
			remoteInfo = challenge05;
		};
		7F68232B2BF3939C00CA4AC8 /* PBXContainerItemProxy */ = {
			isa = PBXContainerItemProxy;
			containerPortal = 7F6822FF2BF3939900CA4AC8 /* Project object */;
			proxyType = 1;
			remoteGlobalIDString = 7F6823062BF3939900CA4AC8;
			remoteInfo = challenge05;
		};
/* End PBXContainerItemProxy section */

/* Begin PBXFileReference section */
		7F6823072BF3939900CA4AC8 /* challenge05.app */ = {isa = PBXFileReference; explicitFileType = wrapper.application; includeInIndex = 0; path = challenge05.app; sourceTree = BUILT_PRODUCTS_DIR; };
		7F68230A2BF3939900CA4AC8 /* AppDelegate.swift */ = {isa = PBXFileReference; lastKnownFileType = sourcecode.swift; path = AppDelegate.swift; sourceTree = "<group>"; };
		7F68230C2BF3939900CA4AC8 /* SceneDelegate.swift */ = {isa = PBXFileReference; lastKnownFileType = sourcecode.swift; path = SceneDelegate.swift; sourceTree = "<group>"; };
		7F6823112BF3939900CA4AC8 /* Base */ = {isa = PBXFileReference; lastKnownFileType = file.storyboard; name = Base; path = Base.lproj/Main.storyboard; sourceTree = "<group>"; };
		7F6823142BF3939900CA4AC8 /* challenge05.xcdatamodel */ = {isa = PBXFileReference; lastKnownFileType = wrapper.xcdatamodel; path = challenge05.xcdatamodel; sourceTree = "<group>"; };
		7F6823162BF3939B00CA4AC8 /* Assets.xcassets */ = {isa = PBXFileReference; lastKnownFileType = folder.assetcatalog; path = Assets.xcassets; sourceTree = "<group>"; };
		7F6823192BF3939B00CA4AC8 /* Base */ = {isa = PBXFileReference; lastKnownFileType = file.storyboard; name = Base; path = Base.lproj/LaunchScreen.storyboard; sourceTree = "<group>"; };
		7F68231B2BF3939B00CA4AC8 /* Info.plist */ = {isa = PBXFileReference; lastKnownFileType = text.plist.xml; path = Info.plist; sourceTree = "<group>"; };
		7F6823202BF3939B00CA4AC8 /* challenge05Tests.xctest */ = {isa = PBXFileReference; explicitFileType = wrapper.cfbundle; includeInIndex = 0; path = challenge05Tests.xctest; sourceTree = BUILT_PRODUCTS_DIR; };
		7F6823242BF3939B00CA4AC8 /* challenge05Tests.swift */ = {isa = PBXFileReference; lastKnownFileType = sourcecode.swift; path = challenge05Tests.swift; sourceTree = "<group>"; };
		7F68232A2BF3939C00CA4AC8 /* challenge05UITests.xctest */ = {isa = PBXFileReference; explicitFileType = wrapper.cfbundle; includeInIndex = 0; path = challenge05UITests.xctest; sourceTree = BUILT_PRODUCTS_DIR; };
		7F68232E2BF3939C00CA4AC8 /* challenge05UITests.swift */ = {isa = PBXFileReference; lastKnownFileType = sourcecode.swift; path = challenge05UITests.swift; sourceTree = "<group>"; };
		7F6823302BF3939C00CA4AC8 /* challenge05UITestsLaunchTests.swift */ = {isa = PBXFileReference; lastKnownFileType = sourcecode.swift; path = challenge05UITestsLaunchTests.swift; sourceTree = "<group>"; };
		7F6823462BF3975200CA4AC8 /* EndPoint.swift */ = {isa = PBXFileReference; lastKnownFileType = sourcecode.swift; path = EndPoint.swift; sourceTree = "<group>"; };
		7F6823482BF3978200CA4AC8 /* RequestManager.swift */ = {isa = PBXFileReference; lastKnownFileType = sourcecode.swift; path = RequestManager.swift; sourceTree = "<group>"; };
		7F68234A2BF397A000CA4AC8 /* ErrorMessage.swift */ = {isa = PBXFileReference; lastKnownFileType = sourcecode.swift; path = ErrorMessage.swift; sourceTree = "<group>"; };
		7F68234C2BF3989E00CA4AC8 /* MoviesRouter.swift */ = {isa = PBXFileReference; lastKnownFileType = sourcecode.swift; path = MoviesRouter.swift; sourceTree = "<group>"; };
		7F6823502BF399DE00CA4AC8 /* Movie.swift */ = {isa = PBXFileReference; lastKnownFileType = sourcecode.swift; path = Movie.swift; sourceTree = "<group>"; };
		7F6823522BF399EE00CA4AC8 /* MovieDetails.swift */ = {isa = PBXFileReference; lastKnownFileType = sourcecode.swift; path = MovieDetails.swift; sourceTree = "<group>"; };
		7F6823542BF39A7D00CA4AC8 /* MoviesRepositoryProtocol.swift */ = {isa = PBXFileReference; lastKnownFileType = sourcecode.swift; path = MoviesRepositoryProtocol.swift; sourceTree = "<group>"; };
		7F6823562BF39AEF00CA4AC8 /* MoviesRepositoryImp.swift */ = {isa = PBXFileReference; lastKnownFileType = sourcecode.swift; path = MoviesRepositoryImp.swift; sourceTree = "<group>"; };
		7F68235B2BF39DB700CA4AC8 /* GetPlayingMoviesUseCase.swift */ = {isa = PBXFileReference; lastKnownFileType = sourcecode.swift; path = GetPlayingMoviesUseCase.swift; sourceTree = "<group>"; };
		7F68235D2BF39DF000CA4AC8 /* GetComingMoviesUseCase.swift */ = {isa = PBXFileReference; lastKnownFileType = sourcecode.swift; path = GetComingMoviesUseCase.swift; sourceTree = "<group>"; };
		7F68235F2BF39E3000CA4AC8 /* GetPopulerMoviesUseCase.swift */ = {isa = PBXFileReference; lastKnownFileType = sourcecode.swift; path = GetPopulerMoviesUseCase.swift; sourceTree = "<group>"; };
		7F6823612BF39E7F00CA4AC8 /* GetMovieDetailsUseCase.swift */ = {isa = PBXFileReference; lastKnownFileType = sourcecode.swift; path = GetMovieDetailsUseCase.swift; sourceTree = "<group>"; };
		7F6823632BF3AF4200CA4AC8 /* BaseViewController.swift */ = {isa = PBXFileReference; lastKnownFileType = sourcecode.swift; path = BaseViewController.swift; sourceTree = "<group>"; };
		7F6823672BF3AFC400CA4AC8 /* MovieTableViewCell.swift */ = {isa = PBXFileReference; lastKnownFileType = sourcecode.swift; path = MovieTableViewCell.swift; sourceTree = "<group>"; };
		7F6823682BF3AFC400CA4AC8 /* MovieTableViewCell.xib */ = {isa = PBXFileReference; lastKnownFileType = file.xib; path = MovieTableViewCell.xib; sourceTree = "<group>"; };
		7F68236D2BF3B07500CA4AC8 /* UITableView+Extension.swift */ = {isa = PBXFileReference; lastKnownFileType = sourcecode.swift; path = "UITableView+Extension.swift"; sourceTree = "<group>"; };
		7F68236F2BF3B09100CA4AC8 /* UIImageView+Extension.swift */ = {isa = PBXFileReference; lastKnownFileType = sourcecode.swift; path = "UIImageView+Extension.swift"; sourceTree = "<group>"; };
		7F6823722BF3B19200CA4AC8 /* PlayingViewController.swift */ = {isa = PBXFileReference; lastKnownFileType = sourcecode.swift; path = PlayingViewController.swift; sourceTree = "<group>"; };
		7F6823752BF3B1A600CA4AC8 /* ComingViewController.swift */ = {isa = PBXFileReference; lastKnownFileType = sourcecode.swift; path = ComingViewController.swift; sourceTree = "<group>"; };
		7F6823782BF3B1B900CA4AC8 /* PopulerViewController.swift */ = {isa = PBXFileReference; lastKnownFileType = sourcecode.swift; path = PopulerViewController.swift; sourceTree = "<group>"; };
		7F68237A2BF3B22800CA4AC8 /* PopulerViewModel.swift */ = {isa = PBXFileReference; lastKnownFileType = sourcecode.swift; path = PopulerViewModel.swift; sourceTree = "<group>"; };
		7F68237D2BF3B73800CA4AC8 /* ZeroStateView.swift */ = {isa = PBXFileReference; lastKnownFileType = sourcecode.swift; path = ZeroStateView.swift; sourceTree = "<group>"; };
		7F68237F2BF3B8AE00CA4AC8 /* ComingViewModel.swift */ = {isa = PBXFileReference; lastKnownFileType = sourcecode.swift; path = ComingViewModel.swift; sourceTree = "<group>"; };
		7F6823812BF3B9E900CA4AC8 /* PlayingViewModel.swift */ = {isa = PBXFileReference; lastKnownFileType = sourcecode.swift; path = PlayingViewModel.swift; sourceTree = "<group>"; };
/* End PBXFileReference section */

/* Begin PBXFrameworksBuildPhase section */
		7F6823042BF3939900CA4AC8 /* Frameworks */ = {
			isa = PBXFrameworksBuildPhase;
			buildActionMask = 2147483647;
			files = (
			);
			runOnlyForDeploymentPostprocessing = 0;
		};
		7F68231D2BF3939B00CA4AC8 /* Frameworks */ = {
			isa = PBXFrameworksBuildPhase;
			buildActionMask = 2147483647;
			files = (
			);
			runOnlyForDeploymentPostprocessing = 0;
		};
		7F6823272BF3939C00CA4AC8 /* Frameworks */ = {
			isa = PBXFrameworksBuildPhase;
			buildActionMask = 2147483647;
			files = (
			);
			runOnlyForDeploymentPostprocessing = 0;
		};
/* End PBXFrameworksBuildPhase section */

/* Begin PBXGroup section */
		7F6822FE2BF3939900CA4AC8 = {
			isa = PBXGroup;
			children = (
				7F6823092BF3939900CA4AC8 /* challenge05 */,
				7F6823232BF3939B00CA4AC8 /* challenge05Tests */,
				7F68232D2BF3939C00CA4AC8 /* challenge05UITests */,
				7F6823082BF3939900CA4AC8 /* Products */,
			);
			sourceTree = "<group>";
		};
		7F6823082BF3939900CA4AC8 /* Products */ = {
			isa = PBXGroup;
			children = (
				7F6823072BF3939900CA4AC8 /* challenge05.app */,
				7F6823202BF3939B00CA4AC8 /* challenge05Tests.xctest */,
				7F68232A2BF3939C00CA4AC8 /* challenge05UITests.xctest */,
			);
			name = Products;
			sourceTree = "<group>";
		};
		7F6823092BF3939900CA4AC8 /* challenge05 */ = {
			isa = PBXGroup;
			children = (
				7F68230A2BF3939900CA4AC8 /* AppDelegate.swift */,
				7F68230C2BF3939900CA4AC8 /* SceneDelegate.swift */,
				7F6823402BF395A200CA4AC8 /* Sources */,
				7F68233D2BF3956C00CA4AC8 /* Base */,
				7F68233F2BF3959000CA4AC8 /* Resources */,
				7F68231B2BF3939B00CA4AC8 /* Info.plist */,
			);
			path = challenge05;
			sourceTree = "<group>";
		};
		7F6823232BF3939B00CA4AC8 /* challenge05Tests */ = {
			isa = PBXGroup;
			children = (
				7F6823242BF3939B00CA4AC8 /* challenge05Tests.swift */,
			);
			path = challenge05Tests;
			sourceTree = "<group>";
		};
		7F68232D2BF3939C00CA4AC8 /* challenge05UITests */ = {
			isa = PBXGroup;
			children = (
				7F68232E2BF3939C00CA4AC8 /* challenge05UITests.swift */,
				7F6823302BF3939C00CA4AC8 /* challenge05UITestsLaunchTests.swift */,
			);
			path = challenge05UITests;
			sourceTree = "<group>";
		};
		7F68233D2BF3956C00CA4AC8 /* Base */ = {
			isa = PBXGroup;
			children = (
				7F6823182BF3939B00CA4AC8 /* LaunchScreen.storyboard */,
				7F6823102BF3939900CA4AC8 /* Main.storyboard */,
			);
			path = Base;
			sourceTree = "<group>";
		};
		7F68233F2BF3959000CA4AC8 /* Resources */ = {
			isa = PBXGroup;
			children = (
				7F6823162BF3939B00CA4AC8 /* Assets.xcassets */,
				7F6823132BF3939900CA4AC8 /* challenge05.xcdatamodeld */,
			);
			path = Resources;
			sourceTree = "<group>";
		};
		7F6823402BF395A200CA4AC8 /* Sources */ = {
			isa = PBXGroup;
			children = (
				7F6823442BF3972200CA4AC8 /* Common */,
				7F6823432BF3963700CA4AC8 /* Presentation */,
				7F6823422BF3963200CA4AC8 /* Data */,
				7F6823412BF3962D00CA4AC8 /* Domain */,
			);
			path = Sources;
			sourceTree = "<group>";
		};
		7F6823412BF3962D00CA4AC8 /* Domain */ = {
			isa = PBXGroup;
			children = (
				7F6823582BF39D5500CA4AC8 /* UseCases */,
				7F68234F2BF399CA00CA4AC8 /* Entities */,
				7F68234E2BF3999100CA4AC8 /* Repos */,
			);
			path = Domain;
			sourceTree = "<group>";
		};
		7F6823422BF3963200CA4AC8 /* Data */ = {
			isa = PBXGroup;
			children = (
				7F68234C2BF3989E00CA4AC8 /* MoviesRouter.swift */,
				7F6823562BF39AEF00CA4AC8 /* MoviesRepositoryImp.swift */,
			);
			path = Data;
			sourceTree = "<group>";
		};
		7F6823432BF3963700CA4AC8 /* Presentation */ = {
			isa = PBXGroup;
			children = (
				7F68237C2BF3B72600CA4AC8 /* Common */,
				7F6823772BF3B1AB00CA4AC8 /* PopulerVc */,
				7F6823742BF3B19700CA4AC8 /* UpcomingVc */,
				7F6823712BF3B17600CA4AC8 /* NowPlayingVc */,
			);
			path = Presentation;
			sourceTree = "<group>";
		};
		7F6823442BF3972200CA4AC8 /* Common */ = {
			isa = PBXGroup;
			children = (
				7F68236B2BF3B05F00CA4AC8 /* Extensions */,
				7F6823452BF3974600CA4AC8 /* NetworkManager */,
			);
			path = Common;
			sourceTree = "<group>";
		};
		7F6823452BF3974600CA4AC8 /* NetworkManager */ = {
			isa = PBXGroup;
			children = (
				7F6823462BF3975200CA4AC8 /* EndPoint.swift */,
				7F6823482BF3978200CA4AC8 /* RequestManager.swift */,
				7F68234A2BF397A000CA4AC8 /* ErrorMessage.swift */,
			);
			path = NetworkManager;
			sourceTree = "<group>";
		};
		7F68234E2BF3999100CA4AC8 /* Repos */ = {
			isa = PBXGroup;
			children = (
				7F6823542BF39A7D00CA4AC8 /* MoviesRepositoryProtocol.swift */,
			);
			path = Repos;
			sourceTree = "<group>";
		};
		7F68234F2BF399CA00CA4AC8 /* Entities */ = {
			isa = PBXGroup;
			children = (
				7F6823502BF399DE00CA4AC8 /* Movie.swift */,
				7F6823522BF399EE00CA4AC8 /* MovieDetails.swift */,
			);
			path = Entities;
			sourceTree = "<group>";
		};
		7F6823582BF39D5500CA4AC8 /* UseCases */ = {
			isa = PBXGroup;
			children = (
				7F68235B2BF39DB700CA4AC8 /* GetPlayingMoviesUseCase.swift */,
				7F68235D2BF39DF000CA4AC8 /* GetComingMoviesUseCase.swift */,
				7F68235F2BF39E3000CA4AC8 /* GetPopulerMoviesUseCase.swift */,
				7F6823612BF39E7F00CA4AC8 /* GetMovieDetailsUseCase.swift */,
			);
			path = UseCases;
			sourceTree = "<group>";
		};
		7F6823652BF3AF9600CA4AC8 /* BaseVc */ = {
			isa = PBXGroup;
			children = (
				7F6823632BF3AF4200CA4AC8 /* BaseViewController.swift */,
			);
			path = BaseVc;
			sourceTree = "<group>";
		};
		7F6823662BF3AFA400CA4AC8 /* MovieTableViewCell */ = {
			isa = PBXGroup;
			children = (
				7F6823672BF3AFC400CA4AC8 /* MovieTableViewCell.swift */,
				7F6823682BF3AFC400CA4AC8 /* MovieTableViewCell.xib */,
			);
			path = MovieTableViewCell;
			sourceTree = "<group>";
		};
		7F68236B2BF3B05F00CA4AC8 /* Extensions */ = {
			isa = PBXGroup;
			children = (
				7F68236D2BF3B07500CA4AC8 /* UITableView+Extension.swift */,
				7F68236F2BF3B09100CA4AC8 /* UIImageView+Extension.swift */,
			);
			path = Extensions;
			sourceTree = "<group>";
		};
		7F6823712BF3B17600CA4AC8 /* NowPlayingVc */ = {
			isa = PBXGroup;
			children = (
				7F6823722BF3B19200CA4AC8 /* PlayingViewController.swift */,
				7F6823812BF3B9E900CA4AC8 /* PlayingViewModel.swift */,
			);
			path = NowPlayingVc;
			sourceTree = "<group>";
		};
		7F6823742BF3B19700CA4AC8 /* UpcomingVc */ = {
			isa = PBXGroup;
			children = (
				7F6823752BF3B1A600CA4AC8 /* ComingViewController.swift */,
				7F68237F2BF3B8AE00CA4AC8 /* ComingViewModel.swift */,
			);
			path = UpcomingVc;
			sourceTree = "<group>";
		};
		7F6823772BF3B1AB00CA4AC8 /* PopulerVc */ = {
			isa = PBXGroup;
			children = (
				7F6823782BF3B1B900CA4AC8 /* PopulerViewController.swift */,
				7F68237A2BF3B22800CA4AC8 /* PopulerViewModel.swift */,
			);
			path = PopulerVc;
			sourceTree = "<group>";
		};
		7F68237C2BF3B72600CA4AC8 /* Common */ = {
			isa = PBXGroup;
			children = (
				7F6823662BF3AFA400CA4AC8 /* MovieTableViewCell */,
				7F6823652BF3AF9600CA4AC8 /* BaseVc */,
				7F68237D2BF3B73800CA4AC8 /* ZeroStateView.swift */,
			);
			path = Common;
			sourceTree = "<group>";
		};
/* End PBXGroup section */

/* Begin PBXNativeTarget section */
		7F6823062BF3939900CA4AC8 /* challenge05 */ = {
			isa = PBXNativeTarget;
			buildConfigurationList = 7F6823342BF3939C00CA4AC8 /* Build configuration list for PBXNativeTarget "challenge05" */;
			buildPhases = (
				7F6823032BF3939900CA4AC8 /* Sources */,
				7F6823042BF3939900CA4AC8 /* Frameworks */,
				7F6823052BF3939900CA4AC8 /* Resources */,
			);
			buildRules = (
			);
			dependencies = (
			);
			name = challenge05;
			productName = challenge05;
			productReference = 7F6823072BF3939900CA4AC8 /* challenge05.app */;
			productType = "com.apple.product-type.application";
		};
		7F68231F2BF3939B00CA4AC8 /* challenge05Tests */ = {
			isa = PBXNativeTarget;
			buildConfigurationList = 7F6823372BF3939C00CA4AC8 /* Build configuration list for PBXNativeTarget "challenge05Tests" */;
			buildPhases = (
				7F68231C2BF3939B00CA4AC8 /* Sources */,
				7F68231D2BF3939B00CA4AC8 /* Frameworks */,
				7F68231E2BF3939B00CA4AC8 /* Resources */,
			);
			buildRules = (
			);
			dependencies = (
				7F6823222BF3939B00CA4AC8 /* PBXTargetDependency */,
			);
			name = challenge05Tests;
			productName = challenge05Tests;
			productReference = 7F6823202BF3939B00CA4AC8 /* challenge05Tests.xctest */;
			productType = "com.apple.product-type.bundle.unit-test";
		};
		7F6823292BF3939C00CA4AC8 /* challenge05UITests */ = {
			isa = PBXNativeTarget;
			buildConfigurationList = 7F68233A2BF3939C00CA4AC8 /* Build configuration list for PBXNativeTarget "challenge05UITests" */;
			buildPhases = (
				7F6823262BF3939C00CA4AC8 /* Sources */,
				7F6823272BF3939C00CA4AC8 /* Frameworks */,
				7F6823282BF3939C00CA4AC8 /* Resources */,
			);
			buildRules = (
			);
			dependencies = (
				7F68232C2BF3939C00CA4AC8 /* PBXTargetDependency */,
			);
			name = challenge05UITests;
			productName = challenge05UITests;
			productReference = 7F68232A2BF3939C00CA4AC8 /* challenge05UITests.xctest */;
			productType = "com.apple.product-type.bundle.ui-testing";
		};
/* End PBXNativeTarget section */

/* Begin PBXProject section */
		7F6822FF2BF3939900CA4AC8 /* Project object */ = {
			isa = PBXProject;
			attributes = {
				BuildIndependentTargetsInParallel = 1;
				LastSwiftUpdateCheck = 1520;
				LastUpgradeCheck = 1520;
				TargetAttributes = {
					7F6823062BF3939900CA4AC8 = {
						CreatedOnToolsVersion = 15.2;
					};
					7F68231F2BF3939B00CA4AC8 = {
						CreatedOnToolsVersion = 15.2;
						TestTargetID = 7F6823062BF3939900CA4AC8;
					};
					7F6823292BF3939C00CA4AC8 = {
						CreatedOnToolsVersion = 15.2;
						TestTargetID = 7F6823062BF3939900CA4AC8;
					};
				};
			};
			buildConfigurationList = 7F6823022BF3939900CA4AC8 /* Build configuration list for PBXProject "challenge05" */;
			compatibilityVersion = "Xcode 14.0";
			developmentRegion = en;
			hasScannedForEncodings = 0;
			knownRegions = (
				en,
				Base,
			);
			mainGroup = 7F6822FE2BF3939900CA4AC8;
			productRefGroup = 7F6823082BF3939900CA4AC8 /* Products */;
			projectDirPath = "";
			projectRoot = "";
			targets = (
				7F6823062BF3939900CA4AC8 /* challenge05 */,
				7F68231F2BF3939B00CA4AC8 /* challenge05Tests */,
				7F6823292BF3939C00CA4AC8 /* challenge05UITests */,
			);
		};
/* End PBXProject section */

/* Begin PBXResourcesBuildPhase section */
		7F6823052BF3939900CA4AC8 /* Resources */ = {
			isa = PBXResourcesBuildPhase;
			buildActionMask = 2147483647;
			files = (
				7F68231A2BF3939B00CA4AC8 /* LaunchScreen.storyboard in Resources */,
				7F6823172BF3939B00CA4AC8 /* Assets.xcassets in Resources */,
				7F68236A2BF3AFC400CA4AC8 /* MovieTableViewCell.xib in Resources */,
				7F6823122BF3939900CA4AC8 /* Main.storyboard in Resources */,
			);
			runOnlyForDeploymentPostprocessing = 0;
		};
		7F68231E2BF3939B00CA4AC8 /* Resources */ = {
			isa = PBXResourcesBuildPhase;
			buildActionMask = 2147483647;
			files = (
			);
			runOnlyForDeploymentPostprocessing = 0;
		};
		7F6823282BF3939C00CA4AC8 /* Resources */ = {
			isa = PBXResourcesBuildPhase;
			buildActionMask = 2147483647;
			files = (
			);
			runOnlyForDeploymentPostprocessing = 0;
		};
/* End PBXResourcesBuildPhase section */

/* Begin PBXSourcesBuildPhase section */
		7F6823032BF3939900CA4AC8 /* Sources */ = {
			isa = PBXSourcesBuildPhase;
			buildActionMask = 2147483647;
			files = (
				7F6823692BF3AFC400CA4AC8 /* MovieTableViewCell.swift in Sources */,
				7F68235E2BF39DF000CA4AC8 /* GetComingMoviesUseCase.swift in Sources */,
				7F68237E2BF3B73800CA4AC8 /* ZeroStateView.swift in Sources */,
				7F6823622BF39E7F00CA4AC8 /* GetMovieDetailsUseCase.swift in Sources */,
				7F6823492BF3978200CA4AC8 /* RequestManager.swift in Sources */,
				7F68234D2BF3989E00CA4AC8 /* MoviesRouter.swift in Sources */,
				7F6823152BF3939900CA4AC8 /* challenge05.xcdatamodeld in Sources */,
				7F68230B2BF3939900CA4AC8 /* AppDelegate.swift in Sources */,
				7F68235C2BF39DB700CA4AC8 /* GetPlayingMoviesUseCase.swift in Sources */,
				7F6823472BF3975200CA4AC8 /* EndPoint.swift in Sources */,
				7F6823572BF39AEF00CA4AC8 /* MoviesRepositoryImp.swift in Sources */,
				7F6823792BF3B1B900CA4AC8 /* PopulerViewController.swift in Sources */,
				7F68234B2BF397A000CA4AC8 /* ErrorMessage.swift in Sources */,
				7F68236E2BF3B07500CA4AC8 /* UITableView+Extension.swift in Sources */,
				7F6823552BF39A7D00CA4AC8 /* MoviesRepositoryProtocol.swift in Sources */,
				7F6823802BF3B8AE00CA4AC8 /* ComingViewModel.swift in Sources */,
				7F6823732BF3B19200CA4AC8 /* PlayingViewController.swift in Sources */,
				7F6823512BF399DE00CA4AC8 /* Movie.swift in Sources */,
				7F6823762BF3B1A600CA4AC8 /* ComingViewController.swift in Sources */,
				7F6823602BF39E3000CA4AC8 /* GetPopulerMoviesUseCase.swift in Sources */,
				7F6823642BF3AF4200CA4AC8 /* BaseViewController.swift in Sources */,
				7F6823822BF3B9E900CA4AC8 /* PlayingViewModel.swift in Sources */,
				7F68237B2BF3B22800CA4AC8 /* PopulerViewModel.swift in Sources */,
				7F6823702BF3B09100CA4AC8 /* UIImageView+Extension.swift in Sources */,
				7F68230D2BF3939900CA4AC8 /* SceneDelegate.swift in Sources */,
				7F6823532BF399EE00CA4AC8 /* MovieDetails.swift in Sources */,
			);
			runOnlyForDeploymentPostprocessing = 0;
		};
		7F68231C2BF3939B00CA4AC8 /* Sources */ = {
			isa = PBXSourcesBuildPhase;
			buildActionMask = 2147483647;
			files = (
				7F6823252BF3939B00CA4AC8 /* challenge05Tests.swift in Sources */,
			);
			runOnlyForDeploymentPostprocessing = 0;
		};
		7F6823262BF3939C00CA4AC8 /* Sources */ = {
			isa = PBXSourcesBuildPhase;
			buildActionMask = 2147483647;
			files = (
				7F68232F2BF3939C00CA4AC8 /* challenge05UITests.swift in Sources */,
				7F6823312BF3939C00CA4AC8 /* challenge05UITestsLaunchTests.swift in Sources */,
			);
			runOnlyForDeploymentPostprocessing = 0;
		};
/* End PBXSourcesBuildPhase section */

/* Begin PBXTargetDependency section */
		7F6823222BF3939B00CA4AC8 /* PBXTargetDependency */ = {
			isa = PBXTargetDependency;
			target = 7F6823062BF3939900CA4AC8 /* challenge05 */;
			targetProxy = 7F6823212BF3939B00CA4AC8 /* PBXContainerItemProxy */;
		};
		7F68232C2BF3939C00CA4AC8 /* PBXTargetDependency */ = {
			isa = PBXTargetDependency;
			target = 7F6823062BF3939900CA4AC8 /* challenge05 */;
			targetProxy = 7F68232B2BF3939C00CA4AC8 /* PBXContainerItemProxy */;
		};
/* End PBXTargetDependency section */

/* Begin PBXVariantGroup section */
		7F6823102BF3939900CA4AC8 /* Main.storyboard */ = {
			isa = PBXVariantGroup;
			children = (
				7F6823112BF3939900CA4AC8 /* Base */,
			);
			name = Main.storyboard;
			sourceTree = "<group>";
		};
		7F6823182BF3939B00CA4AC8 /* LaunchScreen.storyboard */ = {
			isa = PBXVariantGroup;
			children = (
				7F6823192BF3939B00CA4AC8 /* Base */,
			);
			name = LaunchScreen.storyboard;
			sourceTree = "<group>";
		};
/* End PBXVariantGroup section */

/* Begin XCBuildConfiguration section */
		7F6823322BF3939C00CA4AC8 /* Debug */ = {
			isa = XCBuildConfiguration;
			buildSettings = {
				ALWAYS_SEARCH_USER_PATHS = NO;
				ASSETCATALOG_COMPILER_GENERATE_SWIFT_ASSET_SYMBOL_EXTENSIONS = YES;
				CLANG_ANALYZER_NONNULL = YES;
				CLANG_ANALYZER_NUMBER_OBJECT_CONVERSION = YES_AGGRESSIVE;
				CLANG_CXX_LANGUAGE_STANDARD = "gnu++20";
				CLANG_ENABLE_MODULES = YES;
				CLANG_ENABLE_OBJC_ARC = YES;
				CLANG_ENABLE_OBJC_WEAK = YES;
				CLANG_WARN_BLOCK_CAPTURE_AUTORELEASING = YES;
				CLANG_WARN_BOOL_CONVERSION = YES;
				CLANG_WARN_COMMA = YES;
				CLANG_WARN_CONSTANT_CONVERSION = YES;
				CLANG_WARN_DEPRECATED_OBJC_IMPLEMENTATIONS = YES;
				CLANG_WARN_DIRECT_OBJC_ISA_USAGE = YES_ERROR;
				CLANG_WARN_DOCUMENTATION_COMMENTS = YES;
				CLANG_WARN_EMPTY_BODY = YES;
				CLANG_WARN_ENUM_CONVERSION = YES;
				CLANG_WARN_INFINITE_RECURSION = YES;
				CLANG_WARN_INT_CONVERSION = YES;
				CLANG_WARN_NON_LITERAL_NULL_CONVERSION = YES;
				CLANG_WARN_OBJC_IMPLICIT_RETAIN_SELF = YES;
				CLANG_WARN_OBJC_LITERAL_CONVERSION = YES;
				CLANG_WARN_OBJC_ROOT_CLASS = YES_ERROR;
				CLANG_WARN_QUOTED_INCLUDE_IN_FRAMEWORK_HEADER = YES;
				CLANG_WARN_RANGE_LOOP_ANALYSIS = YES;
				CLANG_WARN_STRICT_PROTOTYPES = YES;
				CLANG_WARN_SUSPICIOUS_MOVE = YES;
				CLANG_WARN_UNGUARDED_AVAILABILITY = YES_AGGRESSIVE;
				CLANG_WARN_UNREACHABLE_CODE = YES;
				CLANG_WARN__DUPLICATE_METHOD_MATCH = YES;
				COPY_PHASE_STRIP = NO;
				DEBUG_INFORMATION_FORMAT = dwarf;
				ENABLE_STRICT_OBJC_MSGSEND = YES;
				ENABLE_TESTABILITY = YES;
				ENABLE_USER_SCRIPT_SANDBOXING = YES;
				GCC_C_LANGUAGE_STANDARD = gnu17;
				GCC_DYNAMIC_NO_PIC = NO;
				GCC_NO_COMMON_BLOCKS = YES;
				GCC_OPTIMIZATION_LEVEL = 0;
				GCC_PREPROCESSOR_DEFINITIONS = (
					"DEBUG=1",
					"$(inherited)",
				);
				GCC_WARN_64_TO_32_BIT_CONVERSION = YES;
				GCC_WARN_ABOUT_RETURN_TYPE = YES_ERROR;
				GCC_WARN_UNDECLARED_SELECTOR = YES;
				GCC_WARN_UNINITIALIZED_AUTOS = YES_AGGRESSIVE;
				GCC_WARN_UNUSED_FUNCTION = YES;
				GCC_WARN_UNUSED_VARIABLE = YES;
				IPHONEOS_DEPLOYMENT_TARGET = 17.2;
				LOCALIZATION_PREFERS_STRING_CATALOGS = YES;
				MTL_ENABLE_DEBUG_INFO = INCLUDE_SOURCE;
				MTL_FAST_MATH = YES;
				ONLY_ACTIVE_ARCH = YES;
				SDKROOT = iphoneos;
				SWIFT_ACTIVE_COMPILATION_CONDITIONS = "DEBUG $(inherited)";
				SWIFT_OPTIMIZATION_LEVEL = "-Onone";
			};
			name = Debug;
		};
		7F6823332BF3939C00CA4AC8 /* Release */ = {
			isa = XCBuildConfiguration;
			buildSettings = {
				ALWAYS_SEARCH_USER_PATHS = NO;
				ASSETCATALOG_COMPILER_GENERATE_SWIFT_ASSET_SYMBOL_EXTENSIONS = YES;
				CLANG_ANALYZER_NONNULL = YES;
				CLANG_ANALYZER_NUMBER_OBJECT_CONVERSION = YES_AGGRESSIVE;
				CLANG_CXX_LANGUAGE_STANDARD = "gnu++20";
				CLANG_ENABLE_MODULES = YES;
				CLANG_ENABLE_OBJC_ARC = YES;
				CLANG_ENABLE_OBJC_WEAK = YES;
				CLANG_WARN_BLOCK_CAPTURE_AUTORELEASING = YES;
				CLANG_WARN_BOOL_CONVERSION = YES;
				CLANG_WARN_COMMA = YES;
				CLANG_WARN_CONSTANT_CONVERSION = YES;
				CLANG_WARN_DEPRECATED_OBJC_IMPLEMENTATIONS = YES;
				CLANG_WARN_DIRECT_OBJC_ISA_USAGE = YES_ERROR;
				CLANG_WARN_DOCUMENTATION_COMMENTS = YES;
				CLANG_WARN_EMPTY_BODY = YES;
				CLANG_WARN_ENUM_CONVERSION = YES;
				CLANG_WARN_INFINITE_RECURSION = YES;
				CLANG_WARN_INT_CONVERSION = YES;
				CLANG_WARN_NON_LITERAL_NULL_CONVERSION = YES;
				CLANG_WARN_OBJC_IMPLICIT_RETAIN_SELF = YES;
				CLANG_WARN_OBJC_LITERAL_CONVERSION = YES;
				CLANG_WARN_OBJC_ROOT_CLASS = YES_ERROR;
				CLANG_WARN_QUOTED_INCLUDE_IN_FRAMEWORK_HEADER = YES;
				CLANG_WARN_RANGE_LOOP_ANALYSIS = YES;
				CLANG_WARN_STRICT_PROTOTYPES = YES;
				CLANG_WARN_SUSPICIOUS_MOVE = YES;
				CLANG_WARN_UNGUARDED_AVAILABILITY = YES_AGGRESSIVE;
				CLANG_WARN_UNREACHABLE_CODE = YES;
				CLANG_WARN__DUPLICATE_METHOD_MATCH = YES;
				COPY_PHASE_STRIP = NO;
				DEBUG_INFORMATION_FORMAT = "dwarf-with-dsym";
				ENABLE_NS_ASSERTIONS = NO;
				ENABLE_STRICT_OBJC_MSGSEND = YES;
				ENABLE_USER_SCRIPT_SANDBOXING = YES;
				GCC_C_LANGUAGE_STANDARD = gnu17;
				GCC_NO_COMMON_BLOCKS = YES;
				GCC_WARN_64_TO_32_BIT_CONVERSION = YES;
				GCC_WARN_ABOUT_RETURN_TYPE = YES_ERROR;
				GCC_WARN_UNDECLARED_SELECTOR = YES;
				GCC_WARN_UNINITIALIZED_AUTOS = YES_AGGRESSIVE;
				GCC_WARN_UNUSED_FUNCTION = YES;
				GCC_WARN_UNUSED_VARIABLE = YES;
				IPHONEOS_DEPLOYMENT_TARGET = 17.2;
				LOCALIZATION_PREFERS_STRING_CATALOGS = YES;
				MTL_ENABLE_DEBUG_INFO = NO;
				MTL_FAST_MATH = YES;
				SDKROOT = iphoneos;
				SWIFT_COMPILATION_MODE = wholemodule;
				VALIDATE_PRODUCT = YES;
			};
			name = Release;
		};
		7F6823352BF3939C00CA4AC8 /* Debug */ = {
			isa = XCBuildConfiguration;
			buildSettings = {
				ASSETCATALOG_COMPILER_APPICON_NAME = AppIcon;
				ASSETCATALOG_COMPILER_GLOBAL_ACCENT_COLOR_NAME = AccentColor;
				CODE_SIGN_STYLE = Automatic;
				CURRENT_PROJECT_VERSION = 1;
				DEVELOPMENT_TEAM = 8632GR7884;
				GENERATE_INFOPLIST_FILE = YES;
				INFOPLIST_FILE = challenge05/Info.plist;
				INFOPLIST_KEY_CFBundleDisplayName = IMDb;
				INFOPLIST_KEY_UIApplicationSupportsIndirectInputEvents = YES;
				INFOPLIST_KEY_UILaunchStoryboardName = LaunchScreen;
				INFOPLIST_KEY_UIMainStoryboardFile = Main;
				INFOPLIST_KEY_UISupportedInterfaceOrientations_iPad = "UIInterfaceOrientationPortrait UIInterfaceOrientationPortraitUpsideDown UIInterfaceOrientationLandscapeLeft UIInterfaceOrientationLandscapeRight";
				INFOPLIST_KEY_UISupportedInterfaceOrientations_iPhone = "UIInterfaceOrientationPortrait UIInterfaceOrientationLandscapeLeft UIInterfaceOrientationLandscapeRight";
				IPHONEOS_DEPLOYMENT_TARGET = 13.0;
				LD_RUNPATH_SEARCH_PATHS = (
					"$(inherited)",
					"@executable_path/Frameworks",
				);
				MARKETING_VERSION = 1.0;
				PRODUCT_BUNDLE_IDENTIFIER = banquemisr.challenge05;
				PRODUCT_NAME = "$(TARGET_NAME)";
				SWIFT_EMIT_LOC_STRINGS = YES;
				SWIFT_VERSION = 5.0;
				TARGETED_DEVICE_FAMILY = "1,2";
			};
			name = Debug;
		};
		7F6823362BF3939C00CA4AC8 /* Release */ = {
			isa = XCBuildConfiguration;
			buildSettings = {
				ASSETCATALOG_COMPILER_APPICON_NAME = AppIcon;
				ASSETCATALOG_COMPILER_GLOBAL_ACCENT_COLOR_NAME = AccentColor;
				CODE_SIGN_STYLE = Automatic;
				CURRENT_PROJECT_VERSION = 1;
				DEVELOPMENT_TEAM = 8632GR7884;
				GENERATE_INFOPLIST_FILE = YES;
				INFOPLIST_FILE = challenge05/Info.plist;
				INFOPLIST_KEY_CFBundleDisplayName = IMDb;
				INFOPLIST_KEY_UIApplicationSupportsIndirectInputEvents = YES;
				INFOPLIST_KEY_UILaunchStoryboardName = LaunchScreen;
				INFOPLIST_KEY_UIMainStoryboardFile = Main;
				INFOPLIST_KEY_UISupportedInterfaceOrientations_iPad = "UIInterfaceOrientationPortrait UIInterfaceOrientationPortraitUpsideDown UIInterfaceOrientationLandscapeLeft UIInterfaceOrientationLandscapeRight";
				INFOPLIST_KEY_UISupportedInterfaceOrientations_iPhone = "UIInterfaceOrientationPortrait UIInterfaceOrientationLandscapeLeft UIInterfaceOrientationLandscapeRight";
				IPHONEOS_DEPLOYMENT_TARGET = 13.0;
				LD_RUNPATH_SEARCH_PATHS = (
					"$(inherited)",
					"@executable_path/Frameworks",
				);
				MARKETING_VERSION = 1.0;
				PRODUCT_BUNDLE_IDENTIFIER = banquemisr.challenge05;
				PRODUCT_NAME = "$(TARGET_NAME)";
				SWIFT_EMIT_LOC_STRINGS = YES;
				SWIFT_VERSION = 5.0;
				TARGETED_DEVICE_FAMILY = "1,2";
			};
			name = Release;
		};
		7F6823382BF3939C00CA4AC8 /* Debug */ = {
			isa = XCBuildConfiguration;
			buildSettings = {
				ALWAYS_EMBED_SWIFT_STANDARD_LIBRARIES = YES;
				BUNDLE_LOADER = "$(TEST_HOST)";
				CODE_SIGN_STYLE = Automatic;
				CURRENT_PROJECT_VERSION = 1;
				DEVELOPMENT_TEAM = 8632GR7884;
				GENERATE_INFOPLIST_FILE = YES;
				IPHONEOS_DEPLOYMENT_TARGET = 17.2;
				MARKETING_VERSION = 1.0;
				PRODUCT_BUNDLE_IDENTIFIER = banquemisr.challenge05Tests;
				PRODUCT_NAME = "$(TARGET_NAME)";
				SWIFT_EMIT_LOC_STRINGS = NO;
				SWIFT_VERSION = 5.0;
				TARGETED_DEVICE_FAMILY = "1,2";
				TEST_HOST = "$(BUILT_PRODUCTS_DIR)/challenge05.app/$(BUNDLE_EXECUTABLE_FOLDER_PATH)/challenge05";
			};
			name = Debug;
		};
		7F6823392BF3939C00CA4AC8 /* Release */ = {
			isa = XCBuildConfiguration;
			buildSettings = {
				ALWAYS_EMBED_SWIFT_STANDARD_LIBRARIES = YES;
				BUNDLE_LOADER = "$(TEST_HOST)";
				CODE_SIGN_STYLE = Automatic;
				CURRENT_PROJECT_VERSION = 1;
				DEVELOPMENT_TEAM = 8632GR7884;
				GENERATE_INFOPLIST_FILE = YES;
				IPHONEOS_DEPLOYMENT_TARGET = 17.2;
				MARKETING_VERSION = 1.0;
				PRODUCT_BUNDLE_IDENTIFIER = banquemisr.challenge05Tests;
				PRODUCT_NAME = "$(TARGET_NAME)";
				SWIFT_EMIT_LOC_STRINGS = NO;
				SWIFT_VERSION = 5.0;
				TARGETED_DEVICE_FAMILY = "1,2";
				TEST_HOST = "$(BUILT_PRODUCTS_DIR)/challenge05.app/$(BUNDLE_EXECUTABLE_FOLDER_PATH)/challenge05";
			};
			name = Release;
		};
		7F68233B2BF3939C00CA4AC8 /* Debug */ = {
			isa = XCBuildConfiguration;
			buildSettings = {
				ALWAYS_EMBED_SWIFT_STANDARD_LIBRARIES = YES;
				CODE_SIGN_STYLE = Automatic;
				CURRENT_PROJECT_VERSION = 1;
				DEVELOPMENT_TEAM = 8632GR7884;
				GENERATE_INFOPLIST_FILE = YES;
				MARKETING_VERSION = 1.0;
				PRODUCT_BUNDLE_IDENTIFIER = banquemisr.challenge05UITests;
				PRODUCT_NAME = "$(TARGET_NAME)";
				SWIFT_EMIT_LOC_STRINGS = NO;
				SWIFT_VERSION = 5.0;
				TARGETED_DEVICE_FAMILY = "1,2";
				TEST_TARGET_NAME = challenge05;
			};
			name = Debug;
		};
		7F68233C2BF3939C00CA4AC8 /* Release */ = {
			isa = XCBuildConfiguration;
			buildSettings = {
				ALWAYS_EMBED_SWIFT_STANDARD_LIBRARIES = YES;
				CODE_SIGN_STYLE = Automatic;
				CURRENT_PROJECT_VERSION = 1;
				DEVELOPMENT_TEAM = 8632GR7884;
				GENERATE_INFOPLIST_FILE = YES;
				MARKETING_VERSION = 1.0;
				PRODUCT_BUNDLE_IDENTIFIER = banquemisr.challenge05UITests;
				PRODUCT_NAME = "$(TARGET_NAME)";
				SWIFT_EMIT_LOC_STRINGS = NO;
				SWIFT_VERSION = 5.0;
				TARGETED_DEVICE_FAMILY = "1,2";
				TEST_TARGET_NAME = challenge05;
			};
			name = Release;
		};
/* End XCBuildConfiguration section */

/* Begin XCConfigurationList section */
		7F6823022BF3939900CA4AC8 /* Build configuration list for PBXProject "challenge05" */ = {
			isa = XCConfigurationList;
			buildConfigurations = (
				7F6823322BF3939C00CA4AC8 /* Debug */,
				7F6823332BF3939C00CA4AC8 /* Release */,
			);
			defaultConfigurationIsVisible = 0;
			defaultConfigurationName = Release;
		};
		7F6823342BF3939C00CA4AC8 /* Build configuration list for PBXNativeTarget "challenge05" */ = {
			isa = XCConfigurationList;
			buildConfigurations = (
				7F6823352BF3939C00CA4AC8 /* Debug */,
				7F6823362BF3939C00CA4AC8 /* Release */,
			);
			defaultConfigurationIsVisible = 0;
			defaultConfigurationName = Release;
		};
		7F6823372BF3939C00CA4AC8 /* Build configuration list for PBXNativeTarget "challenge05Tests" */ = {
			isa = XCConfigurationList;
			buildConfigurations = (
				7F6823382BF3939C00CA4AC8 /* Debug */,
				7F6823392BF3939C00CA4AC8 /* Release */,
			);
			defaultConfigurationIsVisible = 0;
			defaultConfigurationName = Release;
		};
		7F68233A2BF3939C00CA4AC8 /* Build configuration list for PBXNativeTarget "challenge05UITests" */ = {
			isa = XCConfigurationList;
			buildConfigurations = (
				7F68233B2BF3939C00CA4AC8 /* Debug */,
				7F68233C2BF3939C00CA4AC8 /* Release */,
			);
			defaultConfigurationIsVisible = 0;
			defaultConfigurationName = Release;
		};
/* End XCConfigurationList section */

/* Begin XCVersionGroup section */
		7F6823132BF3939900CA4AC8 /* challenge05.xcdatamodeld */ = {
			isa = XCVersionGroup;
			children = (
				7F6823142BF3939900CA4AC8 /* challenge05.xcdatamodel */,
			);
			currentVersion = 7F6823142BF3939900CA4AC8 /* challenge05.xcdatamodel */;
			path = challenge05.xcdatamodeld;
			sourceTree = "<group>";
			versionGroupType = wrapper.xcdatamodel;
		};
/* End XCVersionGroup section */
	};
	rootObject = 7F6822FF2BF3939900CA4AC8 /* Project object */;
}
